// !$*UTF8*$!
{
	archiveVersion = 1;
	classes = {
	};
	objectVersion = 50;
	objects = {

/* Begin PBXBuildFile section */
		B97F93CF2654DD01000D217A /* AppDelegate.swift in Sources */ = {isa = PBXBuildFile; fileRef = B97F93CE2654DD01000D217A /* AppDelegate.swift */; };
		B97F93D12654DD01000D217A /* SceneDelegate.swift in Sources */ = {isa = PBXBuildFile; fileRef = B97F93D02654DD01000D217A /* SceneDelegate.swift */; };
		B97F93D32654DD01000D217A /* ViewController.swift in Sources */ = {isa = PBXBuildFile; fileRef = B97F93D22654DD01000D217A /* ViewController.swift */; };
		B97F93D62654DD01000D217A /* Main.storyboard in Resources */ = {isa = PBXBuildFile; fileRef = B97F93D42654DD01000D217A /* Main.storyboard */; };
		B97F93D82654DD03000D217A /* Assets.xcassets in Resources */ = {isa = PBXBuildFile; fileRef = B97F93D72654DD03000D217A /* Assets.xcassets */; };
		B97F93DB2654DD03000D217A /* LaunchScreen.storyboard in Resources */ = {isa = PBXBuildFile; fileRef = B97F93D92654DD03000D217A /* LaunchScreen.storyboard */; };
		B97F93E52654E307000D217A /* IMG_0776.JPG in Resources */ = {isa = PBXBuildFile; fileRef = B97F93E42654E307000D217A /* IMG_0776.JPG */; };
		B97F93E82654E30C000D217A /* IMG_2925.JPG in Resources */ = {isa = PBXBuildFile; fileRef = B97F93E72654E30C000D217A /* IMG_2925.JPG */; };
		B97F93EB2654E310000D217A /* IMG_2468.JPG in Resources */ = {isa = PBXBuildFile; fileRef = B97F93EA2654E310000D217A /* IMG_2468.JPG */; };
		B97F93EE2654E7AA000D217A /* pageViewController.swift in Sources */ = {isa = PBXBuildFile; fileRef = B97F93ED2654E7AA000D217A /* pageViewController.swift */; };
		B97F93F12654E7FC000D217A /* first.swift in Sources */ = {isa = PBXBuildFile; fileRef = B97F93F02654E7FC000D217A /* first.swift */; };
		B97F93F42654E806000D217A /* second.swift in Sources */ = {isa = PBXBuildFile; fileRef = B97F93F32654E806000D217A /* second.swift */; };
		B97F93F72654E80C000D217A /* third.swift in Sources */ = {isa = PBXBuildFile; fileRef = B97F93F62654E80C000D217A /* third.swift */; };
		B97F93FA2654E9C8000D217A /* pgViewController.swift in Sources */ = {isa = PBXBuildFile; fileRef = B97F93F92654E9C8000D217A /* pgViewController.swift */; };
		B9AD377B2654F1FE00622C0B /* cateViewController.swift in Sources */ = {isa = PBXBuildFile; fileRef = B9AD377A2654F1FE00622C0B /* cateViewController.swift */; };
		B9AD377E2654F59400622C0B /* kakao.png in Resources */ = {isa = PBXBuildFile; fileRef = B9AD377D2654F59400622C0B /* kakao.png */; };
		B9DDE7B82655FE02006328A5 /* CollectionViewController.swift in Sources */ = {isa = PBXBuildFile; fileRef = B9DDE7B72655FE02006328A5 /* CollectionViewController.swift */; };
		B9DDE7BC26560021006328A5 /* CollectionViewCell.swift in Sources */ = {isa = PBXBuildFile; fileRef = B9DDE7BB26560021006328A5 /* CollectionViewCell.swift */; };
		B9DDE7C4265616F4006328A5 /* insta.png in Resources */ = {isa = PBXBuildFile; fileRef = B9DDE7C3265616F4006328A5 /* insta.png */; };
		B9DDE7C7265616F8006328A5 /* face.png in Resources */ = {isa = PBXBuildFile; fileRef = B9DDE7C6265616F8006328A5 /* face.png */; };
		B9DDE7CA26561974006328A5 /* empty.png in Resources */ = {isa = PBXBuildFile; fileRef = B9DDE7C926561974006328A5 /* empty.png */; };
/* End PBXBuildFile section */

/* Begin PBXFileReference section */
		B97F93CB2654DD01000D217A /* Modora.app */ = {isa = PBXFileReference; explicitFileType = wrapper.application; includeInIndex = 0; path = Modora.app; sourceTree = BUILT_PRODUCTS_DIR; };
		B97F93CE2654DD01000D217A /* AppDelegate.swift */ = {isa = PBXFileReference; lastKnownFileType = sourcecode.swift; path = AppDelegate.swift; sourceTree = "<group>"; };
		B97F93D02654DD01000D217A /* SceneDelegate.swift */ = {isa = PBXFileReference; lastKnownFileType = sourcecode.swift; path = SceneDelegate.swift; sourceTree = "<group>"; };
		B97F93D22654DD01000D217A /* ViewController.swift */ = {isa = PBXFileReference; lastKnownFileType = sourcecode.swift; path = ViewController.swift; sourceTree = "<group>"; };
		B97F93D52654DD01000D217A /* Base */ = {isa = PBXFileReference; lastKnownFileType = file.storyboard; name = Base; path = Base.lproj/Main.storyboard; sourceTree = "<group>"; };
		B97F93D72654DD03000D217A /* Assets.xcassets */ = {isa = PBXFileReference; lastKnownFileType = folder.assetcatalog; path = Assets.xcassets; sourceTree = "<group>"; };
		B97F93DA2654DD03000D217A /* Base */ = {isa = PBXFileReference; lastKnownFileType = file.storyboard; name = Base; path = Base.lproj/LaunchScreen.storyboard; sourceTree = "<group>"; };
		B97F93DC2654DD03000D217A /* Info.plist */ = {isa = PBXFileReference; lastKnownFileType = text.plist.xml; path = Info.plist; sourceTree = "<group>"; };
		B97F93E42654E307000D217A /* IMG_0776.JPG */ = {isa = PBXFileReference; lastKnownFileType = image.jpeg; path = IMG_0776.JPG; sourceTree = "<group>"; };
		B97F93E72654E30C000D217A /* IMG_2925.JPG */ = {isa = PBXFileReference; lastKnownFileType = image.jpeg; path = IMG_2925.JPG; sourceTree = "<group>"; };
		B97F93EA2654E310000D217A /* IMG_2468.JPG */ = {isa = PBXFileReference; lastKnownFileType = image.jpeg; path = IMG_2468.JPG; sourceTree = "<group>"; };
		B97F93ED2654E7AA000D217A /* pageViewController.swift */ = {isa = PBXFileReference; lastKnownFileType = sourcecode.swift; path = pageViewController.swift; sourceTree = "<group>"; };
		B97F93F02654E7FC000D217A /* first.swift */ = {isa = PBXFileReference; lastKnownFileType = sourcecode.swift; path = first.swift; sourceTree = "<group>"; };
		B97F93F32654E806000D217A /* second.swift */ = {isa = PBXFileReference; lastKnownFileType = sourcecode.swift; path = second.swift; sourceTree = "<group>"; };
		B97F93F62654E80C000D217A /* third.swift */ = {isa = PBXFileReference; lastKnownFileType = sourcecode.swift; path = third.swift; sourceTree = "<group>"; };
		B97F93F92654E9C8000D217A /* pgViewController.swift */ = {isa = PBXFileReference; lastKnownFileType = sourcecode.swift; path = pgViewController.swift; sourceTree = "<group>"; };
		B9AD377A2654F1FE00622C0B /* cateViewController.swift */ = {isa = PBXFileReference; lastKnownFileType = sourcecode.swift; path = cateViewController.swift; sourceTree = "<group>"; };
		B9AD377D2654F59400622C0B /* kakao.png */ = {isa = PBXFileReference; lastKnownFileType = image.png; path = kakao.png; sourceTree = "<group>"; };
		B9DDE7B72655FE02006328A5 /* CollectionViewController.swift */ = {isa = PBXFileReference; lastKnownFileType = sourcecode.swift; path = CollectionViewController.swift; sourceTree = "<group>"; };
		B9DDE7BB26560021006328A5 /* CollectionViewCell.swift */ = {isa = PBXFileReference; lastKnownFileType = sourcecode.swift; path = CollectionViewCell.swift; sourceTree = "<group>"; };
		B9DDE7C3265616F4006328A5 /* insta.png */ = {isa = PBXFileReference; lastKnownFileType = image.png; path = insta.png; sourceTree = "<group>"; };
		B9DDE7C6265616F8006328A5 /* face.png */ = {isa = PBXFileReference; lastKnownFileType = image.png; path = face.png; sourceTree = "<group>"; };
		B9DDE7C926561974006328A5 /* empty.png */ = {isa = PBXFileReference; lastKnownFileType = image.png; path = empty.png; sourceTree = "<group>"; };
/* End PBXFileReference section */

/* Begin PBXFrameworksBuildPhase section */
		B97F93C82654DD01000D217A /* Frameworks */ = {
			isa = PBXFrameworksBuildPhase;
			buildActionMask = 2147483647;
			files = (
			);
			runOnlyForDeploymentPostprocessing = 0;
		};
/* End PBXFrameworksBuildPhase section */

/* Begin PBXGroup section */
		B97F93C22654DD01000D217A = {
			isa = PBXGroup;
			children = (
				B97F93CD2654DD01000D217A /* Modora */,
				B97F93CC2654DD01000D217A /* Products */,
			);
			sourceTree = "<group>";
		};
		B97F93CC2654DD01000D217A /* Products */ = {
			isa = PBXGroup;
			children = (
				B97F93CB2654DD01000D217A /* Modora.app */,
			);
			name = Products;
			sourceTree = "<group>";
		};
		B97F93CD2654DD01000D217A /* Modora */ = {
			isa = PBXGroup;
			children = (
				B9DDE7B72655FE02006328A5 /* CollectionViewController.swift */,
				B9AD377A2654F1FE00622C0B /* cateViewController.swift */,
				B97F93E42654E307000D217A /* IMG_0776.JPG */,
				B97F93E72654E30C000D217A /* IMG_2925.JPG */,
				B97F93EA2654E310000D217A /* IMG_2468.JPG */,
				B9AD377D2654F59400622C0B /* kakao.png */,
				B9DDE7C3265616F4006328A5 /* insta.png */,
				B9DDE7C6265616F8006328A5 /* face.png */,
				B9DDE7C926561974006328A5 /* empty.png */,
				B97F93CE2654DD01000D217A /* AppDelegate.swift */,
				B97F93D02654DD01000D217A /* SceneDelegate.swift */,
				B97F93D22654DD01000D217A /* ViewController.swift */,
				B97F93D42654DD01000D217A /* Main.storyboard */,
				B9DDE7BB26560021006328A5 /* CollectionViewCell.swift */,
				B97F93F92654E9C8000D217A /* pgViewController.swift */,
				B97F93F02654E7FC000D217A /* first.swift */,
				B97F93F32654E806000D217A /* second.swift */,
				B97F93F62654E80C000D217A /* third.swift */,
				B97F93ED2654E7AA000D217A /* pageViewController.swift */,
				B97F93D72654DD03000D217A /* Assets.xcassets */,
				B97F93D92654DD03000D217A /* LaunchScreen.storyboard */,
				B97F93DC2654DD03000D217A /* Info.plist */,
			);
			path = Modora;
			sourceTree = "<group>";
		};
/* End PBXGroup section */

/* Begin PBXNativeTarget section */
		B97F93CA2654DD01000D217A /* Modora */ = {
			isa = PBXNativeTarget;
			buildConfigurationList = B97F93DF2654DD03000D217A /* Build configuration list for PBXNativeTarget "Modora" */;
			buildPhases = (
				B97F93C72654DD01000D217A /* Sources */,
				B97F93C82654DD01000D217A /* Frameworks */,
				B97F93C92654DD01000D217A /* Resources */,
			);
			buildRules = (
			);
			dependencies = (
			);
			name = Modora;
			productName = Modora;
			productReference = B97F93CB2654DD01000D217A /* Modora.app */;
			productType = "com.apple.product-type.application";
		};
/* End PBXNativeTarget section */

/* Begin PBXProject section */
		B97F93C32654DD01000D217A /* Project object */ = {
			isa = PBXProject;
			attributes = {
				LastSwiftUpdateCheck = 1240;
				LastUpgradeCheck = 1240;
				TargetAttributes = {
					B97F93CA2654DD01000D217A = {
						CreatedOnToolsVersion = 12.4;
					};
				};
			};
			buildConfigurationList = B97F93C62654DD01000D217A /* Build configuration list for PBXProject "Modora" */;
			compatibilityVersion = "Xcode 9.3";
			developmentRegion = en;
			hasScannedForEncodings = 0;
			knownRegions = (
				en,
				Base,
			);
			mainGroup = B97F93C22654DD01000D217A;
			productRefGroup = B97F93CC2654DD01000D217A /* Products */;
			projectDirPath = "";
			projectRoot = "";
			targets = (
				B97F93CA2654DD01000D217A /* Modora */,
			);
		};
/* End PBXProject section */

/* Begin PBXResourcesBuildPhase section */
		B97F93C92654DD01000D217A /* Resources */ = {
			isa = PBXResourcesBuildPhase;
			buildActionMask = 2147483647;
			files = (
				B97F93DB2654DD03000D217A /* LaunchScreen.storyboard in Resources */,
				B97F93D82654DD03000D217A /* Assets.xcassets in Resources */,
				B9DDE7C7265616F8006328A5 /* face.png in Resources */,
				B97F93E82654E30C000D217A /* IMG_2925.JPG in Resources */,
				B9DDE7C4265616F4006328A5 /* insta.png in Resources */,
				B97F93D62654DD01000D217A /* Main.storyboard in Resources */,
				B97F93E52654E307000D217A /* IMG_0776.JPG in Resources */,
				B9DDE7CA26561974006328A5 /* empty.png in Resources */,
				B97F93EB2654E310000D217A /* IMG_2468.JPG in Resources */,
				B9AD377E2654F59400622C0B /* kakao.png in Resources */,
			);
			runOnlyForDeploymentPostprocessing = 0;
		};
/* End PBXResourcesBuildPhase section */

/* Begin PBXSourcesBuildPhase section */
		B97F93C72654DD01000D217A /* Sources */ = {
			isa = PBXSourcesBuildPhase;
			buildActionMask = 2147483647;
			files = (
				B9AD377B2654F1FE00622C0B /* cateViewController.swift in Sources */,
				B97F93D32654DD01000D217A /* ViewController.swift in Sources */,
				B97F93CF2654DD01000D217A /* AppDelegate.swift in Sources */,
				B97F93D12654DD01000D217A /* SceneDelegate.swift in Sources */,
				B9DDE7B82655FE02006328A5 /* CollectionViewController.swift in Sources */,
				B97F93EE2654E7AA000D217A /* pageViewController.swift in Sources */,
				B97F93F12654E7FC000D217A /* first.swift in Sources */,
				B97F93F42654E806000D217A /* second.swift in Sources */,
				B97F93F72654E80C000D217A /* third.swift in Sources */,
				B97F93FA2654E9C8000D217A /* pgViewController.swift in Sources */,
				B9DDE7BC26560021006328A5 /* CollectionViewCell.swift in Sources */,
			);
			runOnlyForDeploymentPostprocessing = 0;
		};
/* End PBXSourcesBuildPhase section */

/* Begin PBXVariantGroup section */
		B97F93D42654DD01000D217A /* Main.storyboard */ = {
			isa = PBXVariantGroup;
			children = (
				B97F93D52654DD01000D217A /* Base */,
			);
			name = Main.storyboard;
			sourceTree = "<group>";
		};
		B97F93D92654DD03000D217A /* LaunchScreen.storyboard */ = {
			isa = PBXVariantGroup;
			children = (
				B97F93DA2654DD03000D217A /* Base */,
			);
			name = LaunchScreen.storyboard;
			sourceTree = "<group>";
		};
/* End PBXVariantGroup section */

/* Begin XCBuildConfiguration section */
		B97F93DD2654DD03000D217A /* Debug */ = {
			isa = XCBuildConfiguration;
			buildSettings = {
				ALWAYS_SEARCH_USER_PATHS = NO;
				CLANG_ANALYZER_NONNULL = YES;
				CLANG_ANALYZER_NUMBER_OBJECT_CONVERSION = YES_AGGRESSIVE;
				CLANG_CXX_LANGUAGE_STANDARD = "gnu++14";
				CLANG_CXX_LIBRARY = "libc++";
				CLANG_ENABLE_MODULES = YES;
				CLANG_ENABLE_OBJC_ARC = YES;
				CLANG_ENABLE_OBJC_WEAK = YES;
				CLANG_WARN_BLOCK_CAPTURE_AUTORELEASING = YES;
				CLANG_WARN_BOOL_CONVERSION = YES;
				CLANG_WARN_COMMA = YES;
				CLANG_WARN_CONSTANT_CONVERSION = YES;
				CLANG_WARN_DEPRECATED_OBJC_IMPLEMENTATIONS = YES;
				CLANG_WARN_DIRECT_OBJC_ISA_USAGE = YES_ERROR;
				CLANG_WARN_DOCUMENTATION_COMMENTS = YES;
				CLANG_WARN_EMPTY_BODY = YES;
				CLANG_WARN_ENUM_CONVERSION = YES;
				CLANG_WARN_INFINITE_RECURSION = YES;
				CLANG_WARN_INT_CONVERSION = YES;
				CLANG_WARN_NON_LITERAL_NULL_CONVERSION = YES;
				CLANG_WARN_OBJC_IMPLICIT_RETAIN_SELF = YES;
				CLANG_WARN_OBJC_LITERAL_CONVERSION = YES;
				CLANG_WARN_OBJC_ROOT_CLASS = YES_ERROR;
				CLANG_WARN_QUOTED_INCLUDE_IN_FRAMEWORK_HEADER = YES;
				CLANG_WARN_RANGE_LOOP_ANALYSIS = YES;
				CLANG_WARN_STRICT_PROTOTYPES = YES;
				CLANG_WARN_SUSPICIOUS_MOVE = YES;
				CLANG_WARN_UNGUARDED_AVAILABILITY = YES_AGGRESSIVE;
				CLANG_WARN_UNREACHABLE_CODE = YES;
				CLANG_WARN__DUPLICATE_METHOD_MATCH = YES;
				COPY_PHASE_STRIP = NO;
				DEBUG_INFORMATION_FORMAT = dwarf;
				ENABLE_STRICT_OBJC_MSGSEND = YES;
				ENABLE_TESTABILITY = YES;
				GCC_C_LANGUAGE_STANDARD = gnu11;
				GCC_DYNAMIC_NO_PIC = NO;
				GCC_NO_COMMON_BLOCKS = YES;
				GCC_OPTIMIZATION_LEVEL = 0;
				GCC_PREPROCESSOR_DEFINITIONS = (
					"DEBUG=1",
					"$(inherited)",
				);
				GCC_WARN_64_TO_32_BIT_CONVERSION = YES;
				GCC_WARN_ABOUT_RETURN_TYPE = YES_ERROR;
				GCC_WARN_UNDECLARED_SELECTOR = YES;
				GCC_WARN_UNINITIALIZED_AUTOS = YES_AGGRESSIVE;
				GCC_WARN_UNUSED_FUNCTION = YES;
				GCC_WARN_UNUSED_VARIABLE = YES;
				IPHONEOS_DEPLOYMENT_TARGET = 14.4;
				MTL_ENABLE_DEBUG_INFO = INCLUDE_SOURCE;
				MTL_FAST_MATH = YES;
				ONLY_ACTIVE_ARCH = YES;
				SDKROOT = iphoneos;
				SWIFT_ACTIVE_COMPILATION_CONDITIONS = DEBUG;
				SWIFT_OPTIMIZATION_LEVEL = "-Onone";
			};
			name = Debug;
		};
		B97F93DE2654DD03000D217A /* Release */ = {
			isa = XCBuildConfiguration;
			buildSettings = {
				ALWAYS_SEARCH_USER_PATHS = NO;
				CLANG_ANALYZER_NONNULL = YES;
				CLANG_ANALYZER_NUMBER_OBJECT_CONVERSION = YES_AGGRESSIVE;
				CLANG_CXX_LANGUAGE_STANDARD = "gnu++14";
				CLANG_CXX_LIBRARY = "libc++";
				CLANG_ENABLE_MODULES = YES;
				CLANG_ENABLE_OBJC_ARC = YES;
				CLANG_ENABLE_OBJC_WEAK = YES;
				CLANG_WARN_BLOCK_CAPTURE_AUTORELEASING = YES;
				CLANG_WARN_BOOL_CONVERSION = YES;
				CLANG_WARN_COMMA = YES;
				CLANG_WARN_CONSTANT_CONVERSION = YES;
				CLANG_WARN_DEPRECATED_OBJC_IMPLEMENTATIONS = YES;
				CLANG_WARN_DIRECT_OBJC_ISA_USAGE = YES_ERROR;
				CLANG_WARN_DOCUMENTATION_COMMENTS = YES;
				CLANG_WARN_EMPTY_BODY = YES;
				CLANG_WARN_ENUM_CONVERSION = YES;
				CLANG_WARN_INFINITE_RECURSION = YES;
				CLANG_WARN_INT_CONVERSION = YES;
				CLANG_WARN_NON_LITERAL_NULL_CONVERSION = YES;
				CLANG_WARN_OBJC_IMPLICIT_RETAIN_SELF = YES;
				CLANG_WARN_OBJC_LITERAL_CONVERSION = YES;
				CLANG_WARN_OBJC_ROOT_CLASS = YES_ERROR;
				CLANG_WARN_QUOTED_INCLUDE_IN_FRAMEWORK_HEADER = YES;
				CLANG_WARN_RANGE_LOOP_ANALYSIS = YES;
				CLANG_WARN_STRICT_PROTOTYPES = YES;
				CLANG_WARN_SUSPICIOUS_MOVE = YES;
				CLANG_WARN_UNGUARDED_AVAILABILITY = YES_AGGRESSIVE;
				CLANG_WARN_UNREACHABLE_CODE = YES;
				CLANG_WARN__DUPLICATE_METHOD_MATCH = YES;
				COPY_PHASE_STRIP = NO;
				DEBUG_INFORMATION_FORMAT = "dwarf-with-dsym";
				ENABLE_NS_ASSERTIONS = NO;
				ENABLE_STRICT_OBJC_MSGSEND = YES;
				GCC_C_LANGUAGE_STANDARD = gnu11;
				GCC_NO_COMMON_BLOCKS = YES;
				GCC_WARN_64_TO_32_BIT_CONVERSION = YES;
				GCC_WARN_ABOUT_RETURN_TYPE = YES_ERROR;
				GCC_WARN_UNDECLARED_SELECTOR = YES;
				GCC_WARN_UNINITIALIZED_AUTOS = YES_AGGRESSIVE;
				GCC_WARN_UNUSED_FUNCTION = YES;
				GCC_WARN_UNUSED_VARIABLE = YES;
				IPHONEOS_DEPLOYMENT_TARGET = 14.4;
				MTL_ENABLE_DEBUG_INFO = NO;
				MTL_FAST_MATH = YES;
				SDKROOT = iphoneos;
				SWIFT_COMPILATION_MODE = wholemodule;
				SWIFT_OPTIMIZATION_LEVEL = "-O";
				VALIDATE_PRODUCT = YES;
			};
			name = Release;
		};
		B97F93E02654DD03000D217A /* Debug */ = {
			isa = XCBuildConfiguration;
			buildSettings = {
				ASSETCATALOG_COMPILER_APPICON_NAME = AppIcon;
				ASSETCATALOG_COMPILER_GLOBAL_ACCENT_COLOR_NAME = AccentColor;
				CODE_SIGN_STYLE = Automatic;
				DEVELOPMENT_TEAM = 6AR3XNQ5VM;
				INFOPLIST_FILE = Modora/Info.plist;
				LD_RUNPATH_SEARCH_PATHS = (
					"$(inherited)",
					"@executable_path/Frameworks",
				);
				PRODUCT_BUNDLE_IDENTIFIER = com.youngwookSong.Modora;
				PRODUCT_NAME = "$(TARGET_NAME)";
				SWIFT_VERSION = 5.0;
				TARGETED_DEVICE_FAMILY = "1,2";
			};
			name = Debug;
		};
		B97F93E12654DD03000D217A /* Release */ = {
			isa = XCBuildConfiguration;
			buildSettings = {
				ASSETCATALOG_COMPILER_APPICON_NAME = AppIcon;
				ASSETCATALOG_COMPILER_GLOBAL_ACCENT_COLOR_NAME = AccentColor;
				CODE_SIGN_STYLE = Automatic;
				DEVELOPMENT_TEAM = 6AR3XNQ5VM;
				INFOPLIST_FILE = Modora/Info.plist;
				LD_RUNPATH_SEARCH_PATHS = (
					"$(inherited)",
					"@executable_path/Frameworks",
				);
				PRODUCT_BUNDLE_IDENTIFIER = com.youngwookSong.Modora;
				PRODUCT_NAME = "$(TARGET_NAME)";
				SWIFT_VERSION = 5.0;
				TARGETED_DEVICE_FAMILY = "1,2";
			};
			name = Release;
		};
/* End XCBuildConfiguration section */

/* Begin XCConfigurationList section */
		B97F93C62654DD01000D217A /* Build configuration list for PBXProject "Modora" */ = {
			isa = XCConfigurationList;
			buildConfigurations = (
				B97F93DD2654DD03000D217A /* Debug */,
				B97F93DE2654DD03000D217A /* Release */,
			);
			defaultConfigurationIsVisible = 0;
			defaultConfigurationName = Release;
		};
		B97F93DF2654DD03000D217A /* Build configuration list for PBXNativeTarget "Modora" */ = {
			isa = XCConfigurationList;
			buildConfigurations = (
				B97F93E02654DD03000D217A /* Debug */,
				B97F93E12654DD03000D217A /* Release */,
			);
			defaultConfigurationIsVisible = 0;
			defaultConfigurationName = Release;
		};
/* End XCConfigurationList section */
	};
	rootObject = B97F93C32654DD01000D217A /* Project object */;
}
