// !$*UTF8*$!
{
	archiveVersion = 1;
	classes = {
	};
	objectVersion = 50;
	objects = {

/* Begin PBXBuildFile section */
		B92381F225FC8B9F001DA272 /* newsDetailController.swift in Sources */ = {isa = PBXBuildFile; fileRef = B92381F125FC8B9F001DA272 /* newsDetailController.swift */; };
		B9958B5925FB2FE600204520 /* AppDelegate.swift in Sources */ = {isa = PBXBuildFile; fileRef = B9958B5825FB2FE600204520 /* AppDelegate.swift */; };
		B9958B5B25FB2FE600204520 /* SceneDelegate.swift in Sources */ = {isa = PBXBuildFile; fileRef = B9958B5A25FB2FE600204520 /* SceneDelegate.swift */; };
		B9958B5D25FB2FE600204520 /* ViewController.swift in Sources */ = {isa = PBXBuildFile; fileRef = B9958B5C25FB2FE600204520 /* ViewController.swift */; };
		B9958B6025FB2FE600204520 /* Main.storyboard in Resources */ = {isa = PBXBuildFile; fileRef = B9958B5E25FB2FE600204520 /* Main.storyboard */; };
		B9958B6225FB2FEA00204520 /* Assets.xcassets in Resources */ = {isa = PBXBuildFile; fileRef = B9958B6125FB2FEA00204520 /* Assets.xcassets */; };
		B9958B6525FB2FEA00204520 /* LaunchScreen.storyboard in Resources */ = {isa = PBXBuildFile; fileRef = B9958B6325FB2FEA00204520 /* LaunchScreen.storyboard */; };
/* End PBXBuildFile section */

/* Begin PBXFileReference section */
		B92381F125FC8B9F001DA272 /* newsDetailController.swift */ = {isa = PBXFileReference; lastKnownFileType = sourcecode.swift; path = newsDetailController.swift; sourceTree = "<group>"; };
		B9958B5525FB2FE600204520 /* newsapp.app */ = {isa = PBXFileReference; explicitFileType = wrapper.application; includeInIndex = 0; path = newsapp.app; sourceTree = BUILT_PRODUCTS_DIR; };
		B9958B5825FB2FE600204520 /* AppDelegate.swift */ = {isa = PBXFileReference; lastKnownFileType = sourcecode.swift; path = AppDelegate.swift; sourceTree = "<group>"; };
		B9958B5A25FB2FE600204520 /* SceneDelegate.swift */ = {isa = PBXFileReference; lastKnownFileType = sourcecode.swift; path = SceneDelegate.swift; sourceTree = "<group>"; };
		B9958B5C25FB2FE600204520 /* ViewController.swift */ = {isa = PBXFileReference; lastKnownFileType = sourcecode.swift; path = ViewController.swift; sourceTree = "<group>"; };
		B9958B5F25FB2FE600204520 /* Base */ = {isa = PBXFileReference; lastKnownFileType = file.storyboard; name = Base; path = Base.lproj/Main.storyboard; sourceTree = "<group>"; };
		B9958B6125FB2FEA00204520 /* Assets.xcassets */ = {isa = PBXFileReference; lastKnownFileType = folder.assetcatalog; path = Assets.xcassets; sourceTree = "<group>"; };
		B9958B6425FB2FEA00204520 /* Base */ = {isa = PBXFileReference; lastKnownFileType = file.storyboard; name = Base; path = Base.lproj/LaunchScreen.storyboard; sourceTree = "<group>"; };
		B9958B6625FB2FEA00204520 /* Info.plist */ = {isa = PBXFileReference; lastKnownFileType = text.plist.xml; path = Info.plist; sourceTree = "<group>"; };
/* End PBXFileReference section */

/* Begin PBXFrameworksBuildPhase section */
		B9958B5225FB2FE600204520 /* Frameworks */ = {
			isa = PBXFrameworksBuildPhase;
			buildActionMask = 2147483647;
			files = (
			);
			runOnlyForDeploymentPostprocessing = 0;
		};
/* End PBXFrameworksBuildPhase section */

/* Begin PBXGroup section */
		B9958B4C25FB2FE600204520 = {
			isa = PBXGroup;
			children = (
				B9958B5725FB2FE600204520 /* newsapp */,
				B9958B5625FB2FE600204520 /* Products */,
			);
			sourceTree = "<group>";
		};
		B9958B5625FB2FE600204520 /* Products */ = {
			isa = PBXGroup;
			children = (
				B9958B5525FB2FE600204520 /* newsapp.app */,
			);
			name = Products;
			sourceTree = "<group>";
		};
		B9958B5725FB2FE600204520 /* newsapp */ = {
			isa = PBXGroup;
			children = (
				B9958B5825FB2FE600204520 /* AppDelegate.swift */,
				B9958B5A25FB2FE600204520 /* SceneDelegate.swift */,
				B9958B5C25FB2FE600204520 /* ViewController.swift */,
				B9958B5E25FB2FE600204520 /* Main.storyboard */,
				B9958B6125FB2FEA00204520 /* Assets.xcassets */,
				B9958B6325FB2FEA00204520 /* LaunchScreen.storyboard */,
				B9958B6625FB2FEA00204520 /* Info.plist */,
				B92381F125FC8B9F001DA272 /* newsDetailController.swift */,
			);
			path = newsapp;
			sourceTree = "<group>";
		};
/* End PBXGroup section */

/* Begin PBXNativeTarget section */
		B9958B5425FB2FE600204520 /* newsapp */ = {
			isa = PBXNativeTarget;
			buildConfigurationList = B9958B6925FB2FEA00204520 /* Build configuration list for PBXNativeTarget "newsapp" */;
			buildPhases = (
				B9958B5125FB2FE600204520 /* Sources */,
				B9958B5225FB2FE600204520 /* Frameworks */,
				B9958B5325FB2FE600204520 /* Resources */,
			);
			buildRules = (
			);
			dependencies = (
			);
			name = newsapp;
			productName = newsapp;
			productReference = B9958B5525FB2FE600204520 /* newsapp.app */;
			productType = "com.apple.product-type.application";
		};
/* End PBXNativeTarget section */

/* Begin PBXProject section */
		B9958B4D25FB2FE600204520 /* Project object */ = {
			isa = PBXProject;
			attributes = {
				LastSwiftUpdateCheck = 1240;
				LastUpgradeCheck = 1240;
				TargetAttributes = {
					B9958B5425FB2FE600204520 = {
						CreatedOnToolsVersion = 12.4;
					};
				};
			};
			buildConfigurationList = B9958B5025FB2FE600204520 /* Build configuration list for PBXProject "newsapp" */;
			compatibilityVersion = "Xcode 9.3";
			developmentRegion = en;
			hasScannedForEncodings = 0;
			knownRegions = (
				en,
				Base,
			);
			mainGroup = B9958B4C25FB2FE600204520;
			productRefGroup = B9958B5625FB2FE600204520 /* Products */;
			projectDirPath = "";
			projectRoot = "";
			targets = (
				B9958B5425FB2FE600204520 /* newsapp */,
			);
		};
/* End PBXProject section */

/* Begin PBXResourcesBuildPhase section */
		B9958B5325FB2FE600204520 /* Resources */ = {
			isa = PBXResourcesBuildPhase;
			buildActionMask = 2147483647;
			files = (
				B9958B6525FB2FEA00204520 /* LaunchScreen.storyboard in Resources */,
				B9958B6225FB2FEA00204520 /* Assets.xcassets in Resources */,
				B9958B6025FB2FE600204520 /* Main.storyboard in Resources */,
			);
			runOnlyForDeploymentPostprocessing = 0;
		};
/* End PBXResourcesBuildPhase section */

/* Begin PBXSourcesBuildPhase section */
		B9958B5125FB2FE600204520 /* Sources */ = {
			isa = PBXSourcesBuildPhase;
			buildActionMask = 2147483647;
			files = (
				B9958B5D25FB2FE600204520 /* ViewController.swift in Sources */,
				B92381F225FC8B9F001DA272 /* newsDetailController.swift in Sources */,
				B9958B5925FB2FE600204520 /* AppDelegate.swift in Sources */,
				B9958B5B25FB2FE600204520 /* SceneDelegate.swift in Sources */,
			);
			runOnlyForDeploymentPostprocessing = 0;
		};
/* End PBXSourcesBuildPhase section */

/* Begin PBXVariantGroup section */
		B9958B5E25FB2FE600204520 /* Main.storyboard */ = {
			isa = PBXVariantGroup;
			children = (
				B9958B5F25FB2FE600204520 /* Base */,
			);
			name = Main.storyboard;
			sourceTree = "<group>";
		};
		B9958B6325FB2FEA00204520 /* LaunchScreen.storyboard */ = {
			isa = PBXVariantGroup;
			children = (
				B9958B6425FB2FEA00204520 /* Base */,
			);
			name = LaunchScreen.storyboard;
			sourceTree = "<group>";
		};
/* End PBXVariantGroup section */

/* Begin XCBuildConfiguration section */
		B9958B6725FB2FEA00204520 /* Debug */ = {
			isa = XCBuildConfiguration;
			buildSettings = {
				ALWAYS_SEARCH_USER_PATHS = NO;
				CLANG_ANALYZER_NONNULL = YES;
				CLANG_ANALYZER_NUMBER_OBJECT_CONVERSION = YES_AGGRESSIVE;
				CLANG_CXX_LANGUAGE_STANDARD = "gnu++14";
				CLANG_CXX_LIBRARY = "libc++";
				CLANG_ENABLE_MODULES = YES;
				CLANG_ENABLE_OBJC_ARC = YES;
				CLANG_ENABLE_OBJC_WEAK = YES;
				CLANG_WARN_BLOCK_CAPTURE_AUTORELEASING = YES;
				CLANG_WARN_BOOL_CONVERSION = YES;
				CLANG_WARN_COMMA = YES;
				CLANG_WARN_CONSTANT_CONVERSION = YES;
				CLANG_WARN_DEPRECATED_OBJC_IMPLEMENTATIONS = YES;
				CLANG_WARN_DIRECT_OBJC_ISA_USAGE = YES_ERROR;
				CLANG_WARN_DOCUMENTATION_COMMENTS = YES;
				CLANG_WARN_EMPTY_BODY = YES;
				CLANG_WARN_ENUM_CONVERSION = YES;
				CLANG_WARN_INFINITE_RECURSION = YES;
				CLANG_WARN_INT_CONVERSION = YES;
				CLANG_WARN_NON_LITERAL_NULL_CONVERSION = YES;
				CLANG_WARN_OBJC_IMPLICIT_RETAIN_SELF = YES;
				CLANG_WARN_OBJC_LITERAL_CONVERSION = YES;
				CLANG_WARN_OBJC_ROOT_CLASS = YES_ERROR;
				CLANG_WARN_QUOTED_INCLUDE_IN_FRAMEWORK_HEADER = YES;
				CLANG_WARN_RANGE_LOOP_ANALYSIS = YES;
				CLANG_WARN_STRICT_PROTOTYPES = YES;
				CLANG_WARN_SUSPICIOUS_MOVE = YES;
				CLANG_WARN_UNGUARDED_AVAILABILITY = YES_AGGRESSIVE;
				CLANG_WARN_UNREACHABLE_CODE = YES;
				CLANG_WARN__DUPLICATE_METHOD_MATCH = YES;
				COPY_PHASE_STRIP = NO;
				DEBUG_INFORMATION_FORMAT = dwarf;
				ENABLE_STRICT_OBJC_MSGSEND = YES;
				ENABLE_TESTABILITY = YES;
				GCC_C_LANGUAGE_STANDARD = gnu11;
				GCC_DYNAMIC_NO_PIC = NO;
				GCC_NO_COMMON_BLOCKS = YES;
				GCC_OPTIMIZATION_LEVEL = 0;
				GCC_PREPROCESSOR_DEFINITIONS = (
					"DEBUG=1",
					"$(inherited)",
				);
				GCC_WARN_64_TO_32_BIT_CONVERSION = YES;
				GCC_WARN_ABOUT_RETURN_TYPE = YES_ERROR;
				GCC_WARN_UNDECLARED_SELECTOR = YES;
				GCC_WARN_UNINITIALIZED_AUTOS = YES_AGGRESSIVE;
				GCC_WARN_UNUSED_FUNCTION = YES;
				GCC_WARN_UNUSED_VARIABLE = YES;
				IPHONEOS_DEPLOYMENT_TARGET = 14.4;
				MTL_ENABLE_DEBUG_INFO = INCLUDE_SOURCE;
				MTL_FAST_MATH = YES;
				ONLY_ACTIVE_ARCH = YES;
				SDKROOT = iphoneos;
				SWIFT_ACTIVE_COMPILATION_CONDITIONS = DEBUG;
				SWIFT_OPTIMIZATION_LEVEL = "-Onone";
			};
			name = Debug;
		};
		B9958B6825FB2FEA00204520 /* Release */ = {
			isa = XCBuildConfiguration;
			buildSettings = {
				ALWAYS_SEARCH_USER_PATHS = NO;
				CLANG_ANALYZER_NONNULL = YES;
				CLANG_ANALYZER_NUMBER_OBJECT_CONVERSION = YES_AGGRESSIVE;
				CLANG_CXX_LANGUAGE_STANDARD = "gnu++14";
				CLANG_CXX_LIBRARY = "libc++";
				CLANG_ENABLE_MODULES = YES;
				CLANG_ENABLE_OBJC_ARC = YES;
				CLANG_ENABLE_OBJC_WEAK = YES;
				CLANG_WARN_BLOCK_CAPTURE_AUTORELEASING = YES;
				CLANG_WARN_BOOL_CONVERSION = YES;
				CLANG_WARN_COMMA = YES;
				CLANG_WARN_CONSTANT_CONVERSION = YES;
				CLANG_WARN_DEPRECATED_OBJC_IMPLEMENTATIONS = YES;
				CLANG_WARN_DIRECT_OBJC_ISA_USAGE = YES_ERROR;
				CLANG_WARN_DOCUMENTATION_COMMENTS = YES;
				CLANG_WARN_EMPTY_BODY = YES;
				CLANG_WARN_ENUM_CONVERSION = YES;
				CLANG_WARN_INFINITE_RECURSION = YES;
				CLANG_WARN_INT_CONVERSION = YES;
				CLANG_WARN_NON_LITERAL_NULL_CONVERSION = YES;
				CLANG_WARN_OBJC_IMPLICIT_RETAIN_SELF = YES;
				CLANG_WARN_OBJC_LITERAL_CONVERSION = YES;
				CLANG_WARN_OBJC_ROOT_CLASS = YES_ERROR;
				CLANG_WARN_QUOTED_INCLUDE_IN_FRAMEWORK_HEADER = YES;
				CLANG_WARN_RANGE_LOOP_ANALYSIS = YES;
				CLANG_WARN_STRICT_PROTOTYPES = YES;
				CLANG_WARN_SUSPICIOUS_MOVE = YES;
				CLANG_WARN_UNGUARDED_AVAILABILITY = YES_AGGRESSIVE;
				CLANG_WARN_UNREACHABLE_CODE = YES;
				CLANG_WARN__DUPLICATE_METHOD_MATCH = YES;
				COPY_PHASE_STRIP = NO;
				DEBUG_INFORMATION_FORMAT = "dwarf-with-dsym";
				ENABLE_NS_ASSERTIONS = NO;
				ENABLE_STRICT_OBJC_MSGSEND = YES;
				GCC_C_LANGUAGE_STANDARD = gnu11;
				GCC_NO_COMMON_BLOCKS = YES;
				GCC_WARN_64_TO_32_BIT_CONVERSION = YES;
				GCC_WARN_ABOUT_RETURN_TYPE = YES_ERROR;
				GCC_WARN_UNDECLARED_SELECTOR = YES;
				GCC_WARN_UNINITIALIZED_AUTOS = YES_AGGRESSIVE;
				GCC_WARN_UNUSED_FUNCTION = YES;
				GCC_WARN_UNUSED_VARIABLE = YES;
				IPHONEOS_DEPLOYMENT_TARGET = 14.4;
				MTL_ENABLE_DEBUG_INFO = NO;
				MTL_FAST_MATH = YES;
				SDKROOT = iphoneos;
				SWIFT_COMPILATION_MODE = wholemodule;
				SWIFT_OPTIMIZATION_LEVEL = "-O";
				VALIDATE_PRODUCT = YES;
			};
			name = Release;
		};
		B9958B6A25FB2FEA00204520 /* Debug */ = {
			isa = XCBuildConfiguration;
			buildSettings = {
				ASSETCATALOG_COMPILER_APPICON_NAME = AppIcon;
				ASSETCATALOG_COMPILER_GLOBAL_ACCENT_COLOR_NAME = AccentColor;
				CODE_SIGN_STYLE = Automatic;
				DEVELOPMENT_TEAM = 6AR3XNQ5VM;
				INFOPLIST_FILE = newsapp/Info.plist;
				LD_RUNPATH_SEARCH_PATHS = (
					"$(inherited)",
					"@executable_path/Frameworks",
				);
				PRODUCT_BUNDLE_IDENTIFIER = Song.newsapp;
				PRODUCT_NAME = "$(TARGET_NAME)";
				SWIFT_VERSION = 5.0;
				TARGETED_DEVICE_FAMILY = "1,2";
			};
			name = Debug;
		};
		B9958B6B25FB2FEA00204520 /* Release */ = {
			isa = XCBuildConfiguration;
			buildSettings = {
				ASSETCATALOG_COMPILER_APPICON_NAME = AppIcon;
				ASSETCATALOG_COMPILER_GLOBAL_ACCENT_COLOR_NAME = AccentColor;
				CODE_SIGN_STYLE = Automatic;
				DEVELOPMENT_TEAM = 6AR3XNQ5VM;
				INFOPLIST_FILE = newsapp/Info.plist;
				LD_RUNPATH_SEARCH_PATHS = (
					"$(inherited)",
					"@executable_path/Frameworks",
				);
				PRODUCT_BUNDLE_IDENTIFIER = Song.newsapp;
				PRODUCT_NAME = "$(TARGET_NAME)";
				SWIFT_VERSION = 5.0;
				TARGETED_DEVICE_FAMILY = "1,2";
			};
			name = Release;
		};
/* End XCBuildConfiguration section */

/* Begin XCConfigurationList section */
		B9958B5025FB2FE600204520 /* Build configuration list for PBXProject "newsapp" */ = {
			isa = XCConfigurationList;
			buildConfigurations = (
				B9958B6725FB2FEA00204520 /* Debug */,
				B9958B6825FB2FEA00204520 /* Release */,
			);
			defaultConfigurationIsVisible = 0;
			defaultConfigurationName = Release;
		};
		B9958B6925FB2FEA00204520 /* Build configuration list for PBXNativeTarget "newsapp" */ = {
			isa = XCConfigurationList;
			buildConfigurations = (
				B9958B6A25FB2FEA00204520 /* Debug */,
				B9958B6B25FB2FEA00204520 /* Release */,
			);
			defaultConfigurationIsVisible = 0;
			defaultConfigurationName = Release;
		};
/* End XCConfigurationList section */
	};
	rootObject = B9958B4D25FB2FE600204520 /* Project object */;
}
