// !$*UTF8*$!
{
	archiveVersion = 1;
	classes = {
	};
	objectVersion = 50;
	objects = {

/* Begin PBXBuildFile section */
		B963DD8A25F0C72A003A3141 /* AppDelegate.swift in Sources */ = {isa = PBXBuildFile; fileRef = B963DD8925F0C72A003A3141 /* AppDelegate.swift */; };
		B963DD8C25F0C72A003A3141 /* SceneDelegate.swift in Sources */ = {isa = PBXBuildFile; fileRef = B963DD8B25F0C72A003A3141 /* SceneDelegate.swift */; };
		B963DD8E25F0C72A003A3141 /* ViewController.swift in Sources */ = {isa = PBXBuildFile; fileRef = B963DD8D25F0C72A003A3141 /* ViewController.swift */; };
		B963DD9125F0C72A003A3141 /* Main.storyboard in Resources */ = {isa = PBXBuildFile; fileRef = B963DD8F25F0C72A003A3141 /* Main.storyboard */; };
		B963DD9325F0C72C003A3141 /* Assets.xcassets in Resources */ = {isa = PBXBuildFile; fileRef = B963DD9225F0C72C003A3141 /* Assets.xcassets */; };
		B963DD9625F0C72C003A3141 /* LaunchScreen.storyboard in Resources */ = {isa = PBXBuildFile; fileRef = B963DD9425F0C72C003A3141 /* LaunchScreen.storyboard */; };
		B963DD9F25F0C756003A3141 /* meetingrommviewController.swift in Sources */ = {isa = PBXBuildFile; fileRef = B963DD9E25F0C756003A3141 /* meetingrommviewController.swift */; };
/* End PBXBuildFile section */

/* Begin PBXFileReference section */
		B963DD8625F0C72A003A3141 /* meetingrooms(Dynamic_simple).app */ = {isa = PBXFileReference; explicitFileType = wrapper.application; includeInIndex = 0; path = "meetingrooms(Dynamic_simple).app"; sourceTree = BUILT_PRODUCTS_DIR; };
		B963DD8925F0C72A003A3141 /* AppDelegate.swift */ = {isa = PBXFileReference; lastKnownFileType = sourcecode.swift; path = AppDelegate.swift; sourceTree = "<group>"; };
		B963DD8B25F0C72A003A3141 /* SceneDelegate.swift */ = {isa = PBXFileReference; lastKnownFileType = sourcecode.swift; path = SceneDelegate.swift; sourceTree = "<group>"; };
		B963DD8D25F0C72A003A3141 /* ViewController.swift */ = {isa = PBXFileReference; lastKnownFileType = sourcecode.swift; path = ViewController.swift; sourceTree = "<group>"; };
		B963DD9025F0C72A003A3141 /* Base */ = {isa = PBXFileReference; lastKnownFileType = file.storyboard; name = Base; path = Base.lproj/Main.storyboard; sourceTree = "<group>"; };
		B963DD9225F0C72C003A3141 /* Assets.xcassets */ = {isa = PBXFileReference; lastKnownFileType = folder.assetcatalog; path = Assets.xcassets; sourceTree = "<group>"; };
		B963DD9525F0C72C003A3141 /* Base */ = {isa = PBXFileReference; lastKnownFileType = file.storyboard; name = Base; path = Base.lproj/LaunchScreen.storyboard; sourceTree = "<group>"; };
		B963DD9725F0C72C003A3141 /* Info.plist */ = {isa = PBXFileReference; lastKnownFileType = text.plist.xml; path = Info.plist; sourceTree = "<group>"; };
		B963DD9E25F0C756003A3141 /* meetingrommviewController.swift */ = {isa = PBXFileReference; lastKnownFileType = sourcecode.swift; path = meetingrommviewController.swift; sourceTree = "<group>"; };
/* End PBXFileReference section */

/* Begin PBXFrameworksBuildPhase section */
		B963DD8325F0C72A003A3141 /* Frameworks */ = {
			isa = PBXFrameworksBuildPhase;
			buildActionMask = 2147483647;
			files = (
			);
			runOnlyForDeploymentPostprocessing = 0;
		};
/* End PBXFrameworksBuildPhase section */

/* Begin PBXGroup section */
		B963DD7D25F0C72A003A3141 = {
			isa = PBXGroup;
			children = (
				B963DD8825F0C72A003A3141 /* meetingrooms(Dynamic_simple) */,
				B963DD8725F0C72A003A3141 /* Products */,
			);
			sourceTree = "<group>";
		};
		B963DD8725F0C72A003A3141 /* Products */ = {
			isa = PBXGroup;
			children = (
				B963DD8625F0C72A003A3141 /* meetingrooms(Dynamic_simple).app */,
			);
			name = Products;
			sourceTree = "<group>";
		};
		B963DD8825F0C72A003A3141 /* meetingrooms(Dynamic_simple) */ = {
			isa = PBXGroup;
			children = (
				B963DD8925F0C72A003A3141 /* AppDelegate.swift */,
				B963DD8B25F0C72A003A3141 /* SceneDelegate.swift */,
				B963DD8D25F0C72A003A3141 /* ViewController.swift */,
				B963DD8F25F0C72A003A3141 /* Main.storyboard */,
				B963DD9E25F0C756003A3141 /* meetingrommviewController.swift */,
				B963DD9225F0C72C003A3141 /* Assets.xcassets */,
				B963DD9425F0C72C003A3141 /* LaunchScreen.storyboard */,
				B963DD9725F0C72C003A3141 /* Info.plist */,
			);
			path = "meetingrooms(Dynamic_simple)";
			sourceTree = "<group>";
		};
/* End PBXGroup section */

/* Begin PBXNativeTarget section */
		B963DD8525F0C72A003A3141 /* meetingrooms(Dynamic_simple) */ = {
			isa = PBXNativeTarget;
			buildConfigurationList = B963DD9A25F0C72C003A3141 /* Build configuration list for PBXNativeTarget "meetingrooms(Dynamic_simple)" */;
			buildPhases = (
				B963DD8225F0C72A003A3141 /* Sources */,
				B963DD8325F0C72A003A3141 /* Frameworks */,
				B963DD8425F0C72A003A3141 /* Resources */,
			);
			buildRules = (
			);
			dependencies = (
			);
			name = "meetingrooms(Dynamic_simple)";
			productName = "meetingrooms(Dynamic_simple)";
			productReference = B963DD8625F0C72A003A3141 /* meetingrooms(Dynamic_simple).app */;
			productType = "com.apple.product-type.application";
		};
/* End PBXNativeTarget section */

/* Begin PBXProject section */
		B963DD7E25F0C72A003A3141 /* Project object */ = {
			isa = PBXProject;
			attributes = {
				LastSwiftUpdateCheck = 1240;
				LastUpgradeCheck = 1240;
				TargetAttributes = {
					B963DD8525F0C72A003A3141 = {
						CreatedOnToolsVersion = 12.4;
					};
				};
			};
			buildConfigurationList = B963DD8125F0C72A003A3141 /* Build configuration list for PBXProject "meetingrooms(Dynamic_simple)" */;
			compatibilityVersion = "Xcode 9.3";
			developmentRegion = en;
			hasScannedForEncodings = 0;
			knownRegions = (
				en,
				Base,
			);
			mainGroup = B963DD7D25F0C72A003A3141;
			productRefGroup = B963DD8725F0C72A003A3141 /* Products */;
			projectDirPath = "";
			projectRoot = "";
			targets = (
				B963DD8525F0C72A003A3141 /* meetingrooms(Dynamic_simple) */,
			);
		};
/* End PBXProject section */

/* Begin PBXResourcesBuildPhase section */
		B963DD8425F0C72A003A3141 /* Resources */ = {
			isa = PBXResourcesBuildPhase;
			buildActionMask = 2147483647;
			files = (
				B963DD9625F0C72C003A3141 /* LaunchScreen.storyboard in Resources */,
				B963DD9325F0C72C003A3141 /* Assets.xcassets in Resources */,
				B963DD9125F0C72A003A3141 /* Main.storyboard in Resources */,
			);
			runOnlyForDeploymentPostprocessing = 0;
		};
/* End PBXResourcesBuildPhase section */

/* Begin PBXSourcesBuildPhase section */
		B963DD8225F0C72A003A3141 /* Sources */ = {
			isa = PBXSourcesBuildPhase;
			buildActionMask = 2147483647;
			files = (
				B963DD8E25F0C72A003A3141 /* ViewController.swift in Sources */,
				B963DD9F25F0C756003A3141 /* meetingrommviewController.swift in Sources */,
				B963DD8A25F0C72A003A3141 /* AppDelegate.swift in Sources */,
				B963DD8C25F0C72A003A3141 /* SceneDelegate.swift in Sources */,
			);
			runOnlyForDeploymentPostprocessing = 0;
		};
/* End PBXSourcesBuildPhase section */

/* Begin PBXVariantGroup section */
		B963DD8F25F0C72A003A3141 /* Main.storyboard */ = {
			isa = PBXVariantGroup;
			children = (
				B963DD9025F0C72A003A3141 /* Base */,
			);
			name = Main.storyboard;
			sourceTree = "<group>";
		};
		B963DD9425F0C72C003A3141 /* LaunchScreen.storyboard */ = {
			isa = PBXVariantGroup;
			children = (
				B963DD9525F0C72C003A3141 /* Base */,
			);
			name = LaunchScreen.storyboard;
			sourceTree = "<group>";
		};
/* End PBXVariantGroup section */

/* Begin XCBuildConfiguration section */
		B963DD9825F0C72C003A3141 /* Debug */ = {
			isa = XCBuildConfiguration;
			buildSettings = {
				ALWAYS_SEARCH_USER_PATHS = NO;
				CLANG_ANALYZER_NONNULL = YES;
				CLANG_ANALYZER_NUMBER_OBJECT_CONVERSION = YES_AGGRESSIVE;
				CLANG_CXX_LANGUAGE_STANDARD = "gnu++14";
				CLANG_CXX_LIBRARY = "libc++";
				CLANG_ENABLE_MODULES = YES;
				CLANG_ENABLE_OBJC_ARC = YES;
				CLANG_ENABLE_OBJC_WEAK = YES;
				CLANG_WARN_BLOCK_CAPTURE_AUTORELEASING = YES;
				CLANG_WARN_BOOL_CONVERSION = YES;
				CLANG_WARN_COMMA = YES;
				CLANG_WARN_CONSTANT_CONVERSION = YES;
				CLANG_WARN_DEPRECATED_OBJC_IMPLEMENTATIONS = YES;
				CLANG_WARN_DIRECT_OBJC_ISA_USAGE = YES_ERROR;
				CLANG_WARN_DOCUMENTATION_COMMENTS = YES;
				CLANG_WARN_EMPTY_BODY = YES;
				CLANG_WARN_ENUM_CONVERSION = YES;
				CLANG_WARN_INFINITE_RECURSION = YES;
				CLANG_WARN_INT_CONVERSION = YES;
				CLANG_WARN_NON_LITERAL_NULL_CONVERSION = YES;
				CLANG_WARN_OBJC_IMPLICIT_RETAIN_SELF = YES;
				CLANG_WARN_OBJC_LITERAL_CONVERSION = YES;
				CLANG_WARN_OBJC_ROOT_CLASS = YES_ERROR;
				CLANG_WARN_QUOTED_INCLUDE_IN_FRAMEWORK_HEADER = YES;
				CLANG_WARN_RANGE_LOOP_ANALYSIS = YES;
				CLANG_WARN_STRICT_PROTOTYPES = YES;
				CLANG_WARN_SUSPICIOUS_MOVE = YES;
				CLANG_WARN_UNGUARDED_AVAILABILITY = YES_AGGRESSIVE;
				CLANG_WARN_UNREACHABLE_CODE = YES;
				CLANG_WARN__DUPLICATE_METHOD_MATCH = YES;
				COPY_PHASE_STRIP = NO;
				DEBUG_INFORMATION_FORMAT = dwarf;
				ENABLE_STRICT_OBJC_MSGSEND = YES;
				ENABLE_TESTABILITY = YES;
				GCC_C_LANGUAGE_STANDARD = gnu11;
				GCC_DYNAMIC_NO_PIC = NO;
				GCC_NO_COMMON_BLOCKS = YES;
				GCC_OPTIMIZATION_LEVEL = 0;
				GCC_PREPROCESSOR_DEFINITIONS = (
					"DEBUG=1",
					"$(inherited)",
				);
				GCC_WARN_64_TO_32_BIT_CONVERSION = YES;
				GCC_WARN_ABOUT_RETURN_TYPE = YES_ERROR;
				GCC_WARN_UNDECLARED_SELECTOR = YES;
				GCC_WARN_UNINITIALIZED_AUTOS = YES_AGGRESSIVE;
				GCC_WARN_UNUSED_FUNCTION = YES;
				GCC_WARN_UNUSED_VARIABLE = YES;
				IPHONEOS_DEPLOYMENT_TARGET = 14.4;
				MTL_ENABLE_DEBUG_INFO = INCLUDE_SOURCE;
				MTL_FAST_MATH = YES;
				ONLY_ACTIVE_ARCH = YES;
				SDKROOT = iphoneos;
				SWIFT_ACTIVE_COMPILATION_CONDITIONS = DEBUG;
				SWIFT_OPTIMIZATION_LEVEL = "-Onone";
			};
			name = Debug;
		};
		B963DD9925F0C72C003A3141 /* Release */ = {
			isa = XCBuildConfiguration;
			buildSettings = {
				ALWAYS_SEARCH_USER_PATHS = NO;
				CLANG_ANALYZER_NONNULL = YES;
				CLANG_ANALYZER_NUMBER_OBJECT_CONVERSION = YES_AGGRESSIVE;
				CLANG_CXX_LANGUAGE_STANDARD = "gnu++14";
				CLANG_CXX_LIBRARY = "libc++";
				CLANG_ENABLE_MODULES = YES;
				CLANG_ENABLE_OBJC_ARC = YES;
				CLANG_ENABLE_OBJC_WEAK = YES;
				CLANG_WARN_BLOCK_CAPTURE_AUTORELEASING = YES;
				CLANG_WARN_BOOL_CONVERSION = YES;
				CLANG_WARN_COMMA = YES;
				CLANG_WARN_CONSTANT_CONVERSION = YES;
				CLANG_WARN_DEPRECATED_OBJC_IMPLEMENTATIONS = YES;
				CLANG_WARN_DIRECT_OBJC_ISA_USAGE = YES_ERROR;
				CLANG_WARN_DOCUMENTATION_COMMENTS = YES;
				CLANG_WARN_EMPTY_BODY = YES;
				CLANG_WARN_ENUM_CONVERSION = YES;
				CLANG_WARN_INFINITE_RECURSION = YES;
				CLANG_WARN_INT_CONVERSION = YES;
				CLANG_WARN_NON_LITERAL_NULL_CONVERSION = YES;
				CLANG_WARN_OBJC_IMPLICIT_RETAIN_SELF = YES;
				CLANG_WARN_OBJC_LITERAL_CONVERSION = YES;
				CLANG_WARN_OBJC_ROOT_CLASS = YES_ERROR;
				CLANG_WARN_QUOTED_INCLUDE_IN_FRAMEWORK_HEADER = YES;
				CLANG_WARN_RANGE_LOOP_ANALYSIS = YES;
				CLANG_WARN_STRICT_PROTOTYPES = YES;
				CLANG_WARN_SUSPICIOUS_MOVE = YES;
				CLANG_WARN_UNGUARDED_AVAILABILITY = YES_AGGRESSIVE;
				CLANG_WARN_UNREACHABLE_CODE = YES;
				CLANG_WARN__DUPLICATE_METHOD_MATCH = YES;
				COPY_PHASE_STRIP = NO;
				DEBUG_INFORMATION_FORMAT = "dwarf-with-dsym";
				ENABLE_NS_ASSERTIONS = NO;
				ENABLE_STRICT_OBJC_MSGSEND = YES;
				GCC_C_LANGUAGE_STANDARD = gnu11;
				GCC_NO_COMMON_BLOCKS = YES;
				GCC_WARN_64_TO_32_BIT_CONVERSION = YES;
				GCC_WARN_ABOUT_RETURN_TYPE = YES_ERROR;
				GCC_WARN_UNDECLARED_SELECTOR = YES;
				GCC_WARN_UNINITIALIZED_AUTOS = YES_AGGRESSIVE;
				GCC_WARN_UNUSED_FUNCTION = YES;
				GCC_WARN_UNUSED_VARIABLE = YES;
				IPHONEOS_DEPLOYMENT_TARGET = 14.4;
				MTL_ENABLE_DEBUG_INFO = NO;
				MTL_FAST_MATH = YES;
				SDKROOT = iphoneos;
				SWIFT_COMPILATION_MODE = wholemodule;
				SWIFT_OPTIMIZATION_LEVEL = "-O";
				VALIDATE_PRODUCT = YES;
			};
			name = Release;
		};
		B963DD9B25F0C72C003A3141 /* Debug */ = {
			isa = XCBuildConfiguration;
			buildSettings = {
				ASSETCATALOG_COMPILER_APPICON_NAME = AppIcon;
				ASSETCATALOG_COMPILER_GLOBAL_ACCENT_COLOR_NAME = AccentColor;
				CODE_SIGN_STYLE = Automatic;
				DEVELOPMENT_TEAM = 6AR3XNQ5VM;
				INFOPLIST_FILE = "meetingrooms(Dynamic_simple)/Info.plist";
				LD_RUNPATH_SEARCH_PATHS = (
					"$(inherited)",
					"@executable_path/Frameworks",
				);
				PRODUCT_BUNDLE_IDENTIFIER = "Song.meetingrooms-Dynamic-simple-";
				PRODUCT_NAME = "$(TARGET_NAME)";
				SWIFT_VERSION = 5.0;
				TARGETED_DEVICE_FAMILY = "1,2";
			};
			name = Debug;
		};
		B963DD9C25F0C72C003A3141 /* Release */ = {
			isa = XCBuildConfiguration;
			buildSettings = {
				ASSETCATALOG_COMPILER_APPICON_NAME = AppIcon;
				ASSETCATALOG_COMPILER_GLOBAL_ACCENT_COLOR_NAME = AccentColor;
				CODE_SIGN_STYLE = Automatic;
				DEVELOPMENT_TEAM = 6AR3XNQ5VM;
				INFOPLIST_FILE = "meetingrooms(Dynamic_simple)/Info.plist";
				LD_RUNPATH_SEARCH_PATHS = (
					"$(inherited)",
					"@executable_path/Frameworks",
				);
				PRODUCT_BUNDLE_IDENTIFIER = "Song.meetingrooms-Dynamic-simple-";
				PRODUCT_NAME = "$(TARGET_NAME)";
				SWIFT_VERSION = 5.0;
				TARGETED_DEVICE_FAMILY = "1,2";
			};
			name = Release;
		};
/* End XCBuildConfiguration section */

/* Begin XCConfigurationList section */
		B963DD8125F0C72A003A3141 /* Build configuration list for PBXProject "meetingrooms(Dynamic_simple)" */ = {
			isa = XCConfigurationList;
			buildConfigurations = (
				B963DD9825F0C72C003A3141 /* Debug */,
				B963DD9925F0C72C003A3141 /* Release */,
			);
			defaultConfigurationIsVisible = 0;
			defaultConfigurationName = Release;
		};
		B963DD9A25F0C72C003A3141 /* Build configuration list for PBXNativeTarget "meetingrooms(Dynamic_simple)" */ = {
			isa = XCConfigurationList;
			buildConfigurations = (
				B963DD9B25F0C72C003A3141 /* Debug */,
				B963DD9C25F0C72C003A3141 /* Release */,
			);
			defaultConfigurationIsVisible = 0;
			defaultConfigurationName = Release;
		};
/* End XCConfigurationList section */
	};
	rootObject = B963DD7E25F0C72A003A3141 /* Project object */;
}
